// !$*UTF8*$!
{
	archiveVersion = 1;
	classes = {
	};
	objectVersion = 55;
	objects = {

/* Begin PBXBuildFile section */
		1EA4FE132873749000B6719B /* Inter-Medium.ttf in Resources */ = {isa = PBXBuildFile; fileRef = 1EA4FE0A2873749000B6719B /* Inter-Medium.ttf */; };
		1EA4FE142873749000B6719B /* Inter-Black.ttf in Resources */ = {isa = PBXBuildFile; fileRef = 1EA4FE0B2873749000B6719B /* Inter-Black.ttf */; };
		1EA4FE152873749000B6719B /* Inter-ExtraLight.ttf in Resources */ = {isa = PBXBuildFile; fileRef = 1EA4FE0C2873749000B6719B /* Inter-ExtraLight.ttf */; };
		1EA4FE162873749000B6719B /* Inter-Thin.ttf in Resources */ = {isa = PBXBuildFile; fileRef = 1EA4FE0D2873749000B6719B /* Inter-Thin.ttf */; };
		1EA4FE172873749000B6719B /* Inter-Bold.ttf in Resources */ = {isa = PBXBuildFile; fileRef = 1EA4FE0E2873749000B6719B /* Inter-Bold.ttf */; };
		1EA4FE182873749000B6719B /* Inter-SemiBold.ttf in Resources */ = {isa = PBXBuildFile; fileRef = 1EA4FE0F2873749000B6719B /* Inter-SemiBold.ttf */; };
		1EA4FE192873749000B6719B /* Inter-ExtraBold.ttf in Resources */ = {isa = PBXBuildFile; fileRef = 1EA4FE102873749000B6719B /* Inter-ExtraBold.ttf */; };
		1EA4FE1A2873749000B6719B /* Inter-Regular.ttf in Resources */ = {isa = PBXBuildFile; fileRef = 1EA4FE112873749000B6719B /* Inter-Regular.ttf */; };
		1EA4FE1B2873749000B6719B /* Inter-Light.ttf in Resources */ = {isa = PBXBuildFile; fileRef = 1EA4FE122873749000B6719B /* Inter-Light.ttf */; };
		1EA4FE1E287374DD00B6719B /* UIFont+Extensions.swift in Sources */ = {isa = PBXBuildFile; fileRef = 1EA4FE1D287374DD00B6719B /* UIFont+Extensions.swift */; };
		1EA4FE212873764100B6719B /* UIColor+Extensions.swift in Sources */ = {isa = PBXBuildFile; fileRef = 1EA4FE202873764100B6719B /* UIColor+Extensions.swift */; };
		1EA4FE242873783500B6719B /* SplashViewProtocols.swift in Sources */ = {isa = PBXBuildFile; fileRef = 1EA4FE232873783500B6719B /* SplashViewProtocols.swift */; };
		1EA4FE272873793900B6719B /* BaseViewController.swift in Sources */ = {isa = PBXBuildFile; fileRef = 1EA4FE262873793900B6719B /* BaseViewController.swift */; };
		1EA4FE2928737C5300B6719B /* CoordinatorProtocol.swift in Sources */ = {isa = PBXBuildFile; fileRef = 1EA4FE2828737C5300B6719B /* CoordinatorProtocol.swift */; };
		1EA4FE2B28737D0B00B6719B /* AppCoordinator.swift in Sources */ = {isa = PBXBuildFile; fileRef = 1EA4FE2A28737D0B00B6719B /* AppCoordinator.swift */; };
		1EA4FE2F28737D6600B6719B /* SplashCoordinator.swift in Sources */ = {isa = PBXBuildFile; fileRef = 1EA4FE2E28737D6600B6719B /* SplashCoordinator.swift */; };
		1EA4FE3128737DFD00B6719B /* DependencyContainer.swift in Sources */ = {isa = PBXBuildFile; fileRef = 1EA4FE3028737DFD00B6719B /* DependencyContainer.swift */; };
		1EA4FE3328737EDC00B6719B /* SplashCoordinatorDelegate.swift in Sources */ = {isa = PBXBuildFile; fileRef = 1EA4FE3228737EDC00B6719B /* SplashCoordinatorDelegate.swift */; };
		1EA4FE3528738C7B00B6719B /* ViewControllerHelper.swift in Sources */ = {isa = PBXBuildFile; fileRef = 1EA4FE3428738C7B00B6719B /* ViewControllerHelper.swift */; };
		1EEDCBFE287352BC003FBD61 /* AppDelegate.swift in Sources */ = {isa = PBXBuildFile; fileRef = 1EEDCBFD287352BC003FBD61 /* AppDelegate.swift */; };
		1EEDCC07287352BD003FBD61 /* Assets.xcassets in Resources */ = {isa = PBXBuildFile; fileRef = 1EEDCC06287352BD003FBD61 /* Assets.xcassets */; };
		1EEDCC0A287352BD003FBD61 /* LaunchScreen.storyboard in Resources */ = {isa = PBXBuildFile; fileRef = 1EEDCC08287352BD003FBD61 /* LaunchScreen.storyboard */; };
		1EEDCC19287359B3003FBD61 /* SplashViewController.swift in Sources */ = {isa = PBXBuildFile; fileRef = 1EEDCC18287359B3003FBD61 /* SplashViewController.swift */; };
		1EEDCC1C287359C4003FBD61 /* CYBase in Frameworks */ = {isa = PBXBuildFile; productRef = 1EEDCC1B287359C4003FBD61 /* CYBase */; };
		1EEDCC1E287359DC003FBD61 /* SplashViewModel.swift in Sources */ = {isa = PBXBuildFile; fileRef = 1EEDCC1D287359DB003FBD61 /* SplashViewModel.swift */; };
		1EEDCC212873607B003FBD61 /* SplashFactory.swift in Sources */ = {isa = PBXBuildFile; fileRef = 1EEDCC202873607B003FBD61 /* SplashFactory.swift */; };
		1EEDCC2528736ACB003FBD61 /* SnapKit in Frameworks */ = {isa = PBXBuildFile; productRef = 1EEDCC2428736ACB003FBD61 /* SnapKit */; };
		1EEDCC2828736ADC003FBD61 /* UILabel+Extensions.swift in Sources */ = {isa = PBXBuildFile; fileRef = 1EEDCC2728736ADC003FBD61 /* UILabel+Extensions.swift */; };
		1EEDCC2B28736CB9003FBD61 /* String+Extensions.swift in Sources */ = {isa = PBXBuildFile; fileRef = 1EEDCC2A28736CB9003FBD61 /* String+Extensions.swift */; };
		1EEDCC2F28736DD7003FBD61 /* Localizable.strings in Resources */ = {isa = PBXBuildFile; fileRef = 1EEDCC3128736DD7003FBD61 /* Localizable.strings */; };
/* End PBXBuildFile section */

/* Begin PBXFileReference section */
		1EA4FE0A2873749000B6719B /* Inter-Medium.ttf */ = {isa = PBXFileReference; lastKnownFileType = file; path = "Inter-Medium.ttf"; sourceTree = "<group>"; };
		1EA4FE0B2873749000B6719B /* Inter-Black.ttf */ = {isa = PBXFileReference; lastKnownFileType = file; path = "Inter-Black.ttf"; sourceTree = "<group>"; };
		1EA4FE0C2873749000B6719B /* Inter-ExtraLight.ttf */ = {isa = PBXFileReference; lastKnownFileType = file; path = "Inter-ExtraLight.ttf"; sourceTree = "<group>"; };
		1EA4FE0D2873749000B6719B /* Inter-Thin.ttf */ = {isa = PBXFileReference; lastKnownFileType = file; path = "Inter-Thin.ttf"; sourceTree = "<group>"; };
		1EA4FE0E2873749000B6719B /* Inter-Bold.ttf */ = {isa = PBXFileReference; lastKnownFileType = file; path = "Inter-Bold.ttf"; sourceTree = "<group>"; };
		1EA4FE0F2873749000B6719B /* Inter-SemiBold.ttf */ = {isa = PBXFileReference; lastKnownFileType = file; path = "Inter-SemiBold.ttf"; sourceTree = "<group>"; };
		1EA4FE102873749000B6719B /* Inter-ExtraBold.ttf */ = {isa = PBXFileReference; lastKnownFileType = file; path = "Inter-ExtraBold.ttf"; sourceTree = "<group>"; };
		1EA4FE112873749000B6719B /* Inter-Regular.ttf */ = {isa = PBXFileReference; lastKnownFileType = file; path = "Inter-Regular.ttf"; sourceTree = "<group>"; };
		1EA4FE122873749000B6719B /* Inter-Light.ttf */ = {isa = PBXFileReference; lastKnownFileType = file; path = "Inter-Light.ttf"; sourceTree = "<group>"; };
		1EA4FE1D287374DD00B6719B /* UIFont+Extensions.swift */ = {isa = PBXFileReference; lastKnownFileType = sourcecode.swift; path = "UIFont+Extensions.swift"; sourceTree = "<group>"; };
		1EA4FE202873764100B6719B /* UIColor+Extensions.swift */ = {isa = PBXFileReference; lastKnownFileType = sourcecode.swift; path = "UIColor+Extensions.swift"; sourceTree = "<group>"; };
		1EA4FE232873783500B6719B /* SplashViewProtocols.swift */ = {isa = PBXFileReference; lastKnownFileType = sourcecode.swift; path = SplashViewProtocols.swift; sourceTree = "<group>"; };
		1EA4FE262873793900B6719B /* BaseViewController.swift */ = {isa = PBXFileReference; lastKnownFileType = sourcecode.swift; path = BaseViewController.swift; sourceTree = "<group>"; };
		1EA4FE2828737C5300B6719B /* CoordinatorProtocol.swift */ = {isa = PBXFileReference; lastKnownFileType = sourcecode.swift; path = CoordinatorProtocol.swift; sourceTree = "<group>"; };
		1EA4FE2A28737D0B00B6719B /* AppCoordinator.swift */ = {isa = PBXFileReference; lastKnownFileType = sourcecode.swift; path = AppCoordinator.swift; sourceTree = "<group>"; };
		1EA4FE2E28737D6600B6719B /* SplashCoordinator.swift */ = {isa = PBXFileReference; lastKnownFileType = sourcecode.swift; path = SplashCoordinator.swift; sourceTree = "<group>"; };
		1EA4FE3028737DFD00B6719B /* DependencyContainer.swift */ = {isa = PBXFileReference; lastKnownFileType = sourcecode.swift; path = DependencyContainer.swift; sourceTree = "<group>"; };
		1EA4FE3228737EDC00B6719B /* SplashCoordinatorDelegate.swift */ = {isa = PBXFileReference; lastKnownFileType = sourcecode.swift; path = SplashCoordinatorDelegate.swift; sourceTree = "<group>"; };
		1EA4FE3428738C7B00B6719B /* ViewControllerHelper.swift */ = {isa = PBXFileReference; lastKnownFileType = sourcecode.swift; path = ViewControllerHelper.swift; sourceTree = "<group>"; };
		1EEDCBFA287352BC003FBD61 /* MatchUp.app */ = {isa = PBXFileReference; explicitFileType = wrapper.application; includeInIndex = 0; path = MatchUp.app; sourceTree = BUILT_PRODUCTS_DIR; };
		1EEDCBFD287352BC003FBD61 /* AppDelegate.swift */ = {isa = PBXFileReference; lastKnownFileType = sourcecode.swift; path = AppDelegate.swift; sourceTree = "<group>"; };
		1EEDCC06287352BD003FBD61 /* Assets.xcassets */ = {isa = PBXFileReference; lastKnownFileType = folder.assetcatalog; path = Assets.xcassets; sourceTree = "<group>"; };
		1EEDCC09287352BD003FBD61 /* Base */ = {isa = PBXFileReference; lastKnownFileType = file.storyboard; name = Base; path = Base.lproj/LaunchScreen.storyboard; sourceTree = "<group>"; };
		1EEDCC0B287352BD003FBD61 /* Info.plist */ = {isa = PBXFileReference; lastKnownFileType = text.plist.xml; path = Info.plist; sourceTree = "<group>"; };
		1EEDCC18287359B3003FBD61 /* SplashViewController.swift */ = {isa = PBXFileReference; lastKnownFileType = sourcecode.swift; path = SplashViewController.swift; sourceTree = "<group>"; };
		1EEDCC1D287359DB003FBD61 /* SplashViewModel.swift */ = {isa = PBXFileReference; lastKnownFileType = sourcecode.swift; path = SplashViewModel.swift; sourceTree = "<group>"; };
		1EEDCC202873607B003FBD61 /* SplashFactory.swift */ = {isa = PBXFileReference; lastKnownFileType = sourcecode.swift; path = SplashFactory.swift; sourceTree = "<group>"; };
		1EEDCC2728736ADC003FBD61 /* UILabel+Extensions.swift */ = {isa = PBXFileReference; lastKnownFileType = sourcecode.swift; path = "UILabel+Extensions.swift"; sourceTree = "<group>"; };
		1EEDCC2A28736CB9003FBD61 /* String+Extensions.swift */ = {isa = PBXFileReference; lastKnownFileType = sourcecode.swift; path = "String+Extensions.swift"; sourceTree = "<group>"; };
		1EEDCC2C28736DA7003FBD61 /* tr */ = {isa = PBXFileReference; lastKnownFileType = text.plist.strings; name = tr; path = tr.lproj/LaunchScreen.strings; sourceTree = "<group>"; };
		1EEDCC3028736DD7003FBD61 /* en */ = {isa = PBXFileReference; lastKnownFileType = text.plist.strings; name = en; path = en.lproj/Localizable.strings; sourceTree = "<group>"; };
		1EEDCC3228736DDC003FBD61 /* tr */ = {isa = PBXFileReference; lastKnownFileType = text.plist.strings; name = tr; path = tr.lproj/Localizable.strings; sourceTree = "<group>"; };
/* End PBXFileReference section */

/* Begin PBXFrameworksBuildPhase section */
		1EEDCBF7287352BC003FBD61 /* Frameworks */ = {
			isa = PBXFrameworksBuildPhase;
			buildActionMask = 2147483647;
			files = (
				1EEDCC1C287359C4003FBD61 /* CYBase in Frameworks */,
				1EEDCC2528736ACB003FBD61 /* SnapKit in Frameworks */,
			);
			runOnlyForDeploymentPostprocessing = 0;
		};
/* End PBXFrameworksBuildPhase section */

/* Begin PBXGroup section */
		1EA4FE092873747300B6719B /* Inter */ = {
			isa = PBXGroup;
			children = (
				1EA4FE0B2873749000B6719B /* Inter-Black.ttf */,
				1EA4FE0E2873749000B6719B /* Inter-Bold.ttf */,
				1EA4FE102873749000B6719B /* Inter-ExtraBold.ttf */,
				1EA4FE0C2873749000B6719B /* Inter-ExtraLight.ttf */,
				1EA4FE122873749000B6719B /* Inter-Light.ttf */,
				1EA4FE0A2873749000B6719B /* Inter-Medium.ttf */,
				1EA4FE112873749000B6719B /* Inter-Regular.ttf */,
				1EA4FE0F2873749000B6719B /* Inter-SemiBold.ttf */,
				1EA4FE0D2873749000B6719B /* Inter-Thin.ttf */,
			);
			path = Inter;
			sourceTree = "<group>";
		};
		1EA4FE222873782D00B6719B /* ViewModel */ = {
			isa = PBXGroup;
			children = (
				1EEDCC1D287359DB003FBD61 /* SplashViewModel.swift */,
				1EA4FE232873783500B6719B /* SplashViewProtocols.swift */,
			);
			path = ViewModel;
			sourceTree = "<group>";
		};
		1EA4FE252873793000B6719B /* Base */ = {
			isa = PBXGroup;
			children = (
				1EA4FE262873793900B6719B /* BaseViewController.swift */,
				1EA4FE2828737C5300B6719B /* CoordinatorProtocol.swift */,
				1EA4FE3028737DFD00B6719B /* DependencyContainer.swift */,
			);
			path = Base;
			sourceTree = "<group>";
		};
		1EA4FE2C28737D4B00B6719B /* Coordinator */ = {
			isa = PBXGroup;
			children = (
				1EA4FE2E28737D6600B6719B /* SplashCoordinator.swift */,
				1EA4FE3228737EDC00B6719B /* SplashCoordinatorDelegate.swift */,
			);
			path = Coordinator;
			sourceTree = "<group>";
		};
		1EA4FE2D28737D4F00B6719B /* View */ = {
			isa = PBXGroup;
			children = (
				1EEDCC18287359B3003FBD61 /* SplashViewController.swift */,
			);
			path = View;
			sourceTree = "<group>";
		};
		1EA4FE3628738C8500B6719B /* Utils */ = {
			isa = PBXGroup;
			children = (
				1EA4FE3428738C7B00B6719B /* ViewControllerHelper.swift */,
			);
			path = Utils;
			sourceTree = "<group>";
		};
		1EEDCBF1287352BC003FBD61 = {
			isa = PBXGroup;
			children = (
				1EEDCBFC287352BC003FBD61 /* MatchUp */,
				1EEDCBFB287352BC003FBD61 /* Products */,
			);
			sourceTree = "<group>";
		};
		1EEDCBFB287352BC003FBD61 /* Products */ = {
			isa = PBXGroup;
			children = (
				1EEDCBFA287352BC003FBD61 /* MatchUp.app */,
			);
			name = Products;
			sourceTree = "<group>";
		};
		1EEDCBFC287352BC003FBD61 /* MatchUp */ = {
			isa = PBXGroup;
			children = (
				1EA4FE3628738C8500B6719B /* Utils */,
				1EA4FE252873793000B6719B /* Base */,
				1EEDCC2628736ACE003FBD61 /* Extensions */,
				1EEDCC12287354C7003FBD61 /* Modules */,
				1EEDCC11287354C3003FBD61 /* App */,
				1EEDCC06287352BD003FBD61 /* Assets.xcassets */,
				1EEDCC08287352BD003FBD61 /* LaunchScreen.storyboard */,
				1EEDCC0B287352BD003FBD61 /* Info.plist */,
				1EEDCC13287354CD003FBD61 /* Resources */,
			);
			path = MatchUp;
			sourceTree = "<group>";
		};
		1EEDCC11287354C3003FBD61 /* App */ = {
			isa = PBXGroup;
			children = (
				1EEDCBFD287352BC003FBD61 /* AppDelegate.swift */,
				1EA4FE2A28737D0B00B6719B /* AppCoordinator.swift */,
			);
			path = App;
			sourceTree = "<group>";
		};
		1EEDCC12287354C7003FBD61 /* Modules */ = {
			isa = PBXGroup;
			children = (
				1EEDCC17287359AA003FBD61 /* Splash */,
			);
			path = Modules;
			sourceTree = "<group>";
		};
		1EEDCC13287354CD003FBD61 /* Resources */ = {
			isa = PBXGroup;
			children = (
				1EA4FE092873747300B6719B /* Inter */,
				1EEDCC3128736DD7003FBD61 /* Localizable.strings */,
			);
			path = Resources;
			sourceTree = "<group>";
		};
		1EEDCC17287359AA003FBD61 /* Splash */ = {
			isa = PBXGroup;
			children = (
				1EA4FE2D28737D4F00B6719B /* View */,
				1EA4FE2C28737D4B00B6719B /* Coordinator */,
				1EA4FE222873782D00B6719B /* ViewModel */,
				1EEDCC202873607B003FBD61 /* SplashFactory.swift */,
			);
			path = Splash;
			sourceTree = "<group>";
		};
		1EEDCC2628736ACE003FBD61 /* Extensions */ = {
			isa = PBXGroup;
			children = (
				1EEDCC2728736ADC003FBD61 /* UILabel+Extensions.swift */,
				1EEDCC2A28736CB9003FBD61 /* String+Extensions.swift */,
				1EA4FE1D287374DD00B6719B /* UIFont+Extensions.swift */,
				1EA4FE202873764100B6719B /* UIColor+Extensions.swift */,
			);
			path = Extensions;
			sourceTree = "<group>";
		};
/* End PBXGroup section */

/* Begin PBXNativeTarget section */
		1EEDCBF9287352BC003FBD61 /* MatchUp */ = {
			isa = PBXNativeTarget;
			buildConfigurationList = 1EEDCC0E287352BD003FBD61 /* Build configuration list for PBXNativeTarget "MatchUp" */;
			buildPhases = (
				1EEDCBF6287352BC003FBD61 /* Sources */,
				1EEDCBF7287352BC003FBD61 /* Frameworks */,
				1EEDCBF8287352BC003FBD61 /* Resources */,
				1EEDCC2228736154003FBD61 /* ShellScript */,
			);
			buildRules = (
			);
			dependencies = (
			);
			name = MatchUp;
			packageProductDependencies = (
				1EEDCC1B287359C4003FBD61 /* CYBase */,
				1EEDCC2428736ACB003FBD61 /* SnapKit */,
			);
			productName = MatchUp;
			productReference = 1EEDCBFA287352BC003FBD61 /* MatchUp.app */;
			productType = "com.apple.product-type.application";
		};
/* End PBXNativeTarget section */

/* Begin PBXProject section */
		1EEDCBF2287352BC003FBD61 /* Project object */ = {
			isa = PBXProject;
			attributes = {
				BuildIndependentTargetsInParallel = 1;
				LastSwiftUpdateCheck = 1330;
				LastUpgradeCheck = 1330;
				TargetAttributes = {
					1EEDCBF9287352BC003FBD61 = {
						CreatedOnToolsVersion = 13.3.1;
					};
				};
			};
			buildConfigurationList = 1EEDCBF5287352BC003FBD61 /* Build configuration list for PBXProject "MatchUp" */;
			compatibilityVersion = "Xcode 13.0";
			developmentRegion = en;
			hasScannedForEncodings = 0;
			knownRegions = (
				en,
				Base,
				tr,
			);
			mainGroup = 1EEDCBF1287352BC003FBD61;
			packageReferences = (
				1EEDCC1A287359C4003FBD61 /* XCRemoteSwiftPackageReference "CYBase" */,
				1EEDCC2328736ACB003FBD61 /* XCRemoteSwiftPackageReference "SnapKit" */,
			);
			productRefGroup = 1EEDCBFB287352BC003FBD61 /* Products */;
			projectDirPath = "";
			projectRoot = "";
			targets = (
				1EEDCBF9287352BC003FBD61 /* MatchUp */,
			);
		};
/* End PBXProject section */

/* Begin PBXResourcesBuildPhase section */
		1EEDCBF8287352BC003FBD61 /* Resources */ = {
			isa = PBXResourcesBuildPhase;
			buildActionMask = 2147483647;
			files = (
				1EA4FE132873749000B6719B /* Inter-Medium.ttf in Resources */,
				1EA4FE152873749000B6719B /* Inter-ExtraLight.ttf in Resources */,
				1EA4FE172873749000B6719B /* Inter-Bold.ttf in Resources */,
				1EA4FE182873749000B6719B /* Inter-SemiBold.ttf in Resources */,
				1EEDCC0A287352BD003FBD61 /* LaunchScreen.storyboard in Resources */,
				1EA4FE192873749000B6719B /* Inter-ExtraBold.ttf in Resources */,
				1EA4FE142873749000B6719B /* Inter-Black.ttf in Resources */,
				1EEDCC2F28736DD7003FBD61 /* Localizable.strings in Resources */,
				1EA4FE1A2873749000B6719B /* Inter-Regular.ttf in Resources */,
				1EEDCC07287352BD003FBD61 /* Assets.xcassets in Resources */,
				1EA4FE1B2873749000B6719B /* Inter-Light.ttf in Resources */,
				1EA4FE162873749000B6719B /* Inter-Thin.ttf in Resources */,
			);
			runOnlyForDeploymentPostprocessing = 0;
		};
/* End PBXResourcesBuildPhase section */

/* Begin PBXShellScriptBuildPhase section */
		1EEDCC2228736154003FBD61 /* ShellScript */ = {
			isa = PBXShellScriptBuildPhase;
			buildActionMask = 2147483647;
			files = (
			);
			inputFileListPaths = (
			);
			inputPaths = (
			);
			outputFileListPaths = (
			);
			outputPaths = (
			);
			runOnlyForDeploymentPostprocessing = 0;
			shellPath = /bin/sh;
			shellScript = "
";
		};
/* End PBXShellScriptBuildPhase section */

/* Begin PBXSourcesBuildPhase section */
		1EEDCBF6287352BC003FBD61 /* Sources */ = {
			isa = PBXSourcesBuildPhase;
			buildActionMask = 2147483647;
			files = (
				1EA4FE3128737DFD00B6719B /* DependencyContainer.swift in Sources */,
				1EA4FE3328737EDC00B6719B /* SplashCoordinatorDelegate.swift in Sources */,
				1EA4FE2B28737D0B00B6719B /* AppCoordinator.swift in Sources */,
				1EA4FE2F28737D6600B6719B /* SplashCoordinator.swift in Sources */,
				1EA4FE3528738C7B00B6719B /* ViewControllerHelper.swift in Sources */,
				1EEDCC1E287359DC003FBD61 /* SplashViewModel.swift in Sources */,
				1EA4FE242873783500B6719B /* SplashViewProtocols.swift in Sources */,
				1EEDCC2828736ADC003FBD61 /* UILabel+Extensions.swift in Sources */,
				1EEDCC212873607B003FBD61 /* SplashFactory.swift in Sources */,
				1EA4FE212873764100B6719B /* UIColor+Extensions.swift in Sources */,
				1EA4FE272873793900B6719B /* BaseViewController.swift in Sources */,
				1EA4FE2928737C5300B6719B /* CoordinatorProtocol.swift in Sources */,
				1EEDCBFE287352BC003FBD61 /* AppDelegate.swift in Sources */,
				1EEDCC2B28736CB9003FBD61 /* String+Extensions.swift in Sources */,
				1EEDCC19287359B3003FBD61 /* SplashViewController.swift in Sources */,
				1EA4FE1E287374DD00B6719B /* UIFont+Extensions.swift in Sources */,
			);
			runOnlyForDeploymentPostprocessing = 0;
		};
/* End PBXSourcesBuildPhase section */

/* Begin PBXVariantGroup section */
		1EEDCC08287352BD003FBD61 /* LaunchScreen.storyboard */ = {
			isa = PBXVariantGroup;
			children = (
				1EEDCC09287352BD003FBD61 /* Base */,
				1EEDCC2C28736DA7003FBD61 /* tr */,
			);
			name = LaunchScreen.storyboard;
			sourceTree = "<group>";
		};
		1EEDCC3128736DD7003FBD61 /* Localizable.strings */ = {
			isa = PBXVariantGroup;
			children = (
				1EEDCC3028736DD7003FBD61 /* en */,
				1EEDCC3228736DDC003FBD61 /* tr */,
			);
			name = Localizable.strings;
			sourceTree = "<group>";
		};
/* End PBXVariantGroup section */

/* Begin XCBuildConfiguration section */
		1EEDCC0C287352BD003FBD61 /* Debug */ = {
			isa = XCBuildConfiguration;
			buildSettings = {
				ALWAYS_SEARCH_USER_PATHS = NO;
				CLANG_ANALYZER_LOCALIZABILITY_NONLOCALIZED = YES;
				CLANG_ANALYZER_NONNULL = YES;
				CLANG_ANALYZER_NUMBER_OBJECT_CONVERSION = YES_AGGRESSIVE;
				CLANG_CXX_LANGUAGE_STANDARD = "gnu++17";
				CLANG_ENABLE_MODULES = YES;
				CLANG_ENABLE_OBJC_ARC = YES;
				CLANG_ENABLE_OBJC_WEAK = YES;
				CLANG_WARN_BLOCK_CAPTURE_AUTORELEASING = YES;
				CLANG_WARN_BOOL_CONVERSION = YES;
				CLANG_WARN_COMMA = YES;
				CLANG_WARN_CONSTANT_CONVERSION = YES;
				CLANG_WARN_DEPRECATED_OBJC_IMPLEMENTATIONS = YES;
				CLANG_WARN_DIRECT_OBJC_ISA_USAGE = YES_ERROR;
				CLANG_WARN_DOCUMENTATION_COMMENTS = YES;
				CLANG_WARN_EMPTY_BODY = YES;
				CLANG_WARN_ENUM_CONVERSION = YES;
				CLANG_WARN_INFINITE_RECURSION = YES;
				CLANG_WARN_INT_CONVERSION = YES;
				CLANG_WARN_NON_LITERAL_NULL_CONVERSION = YES;
				CLANG_WARN_OBJC_IMPLICIT_RETAIN_SELF = YES;
				CLANG_WARN_OBJC_LITERAL_CONVERSION = YES;
				CLANG_WARN_OBJC_ROOT_CLASS = YES_ERROR;
				CLANG_WARN_QUOTED_INCLUDE_IN_FRAMEWORK_HEADER = YES;
				CLANG_WARN_RANGE_LOOP_ANALYSIS = YES;
				CLANG_WARN_STRICT_PROTOTYPES = YES;
				CLANG_WARN_SUSPICIOUS_MOVE = YES;
				CLANG_WARN_UNGUARDED_AVAILABILITY = YES_AGGRESSIVE;
				CLANG_WARN_UNREACHABLE_CODE = YES;
				CLANG_WARN__DUPLICATE_METHOD_MATCH = YES;
				COPY_PHASE_STRIP = NO;
				DEBUG_INFORMATION_FORMAT = dwarf;
				ENABLE_STRICT_OBJC_MSGSEND = YES;
				ENABLE_TESTABILITY = YES;
				GCC_C_LANGUAGE_STANDARD = gnu11;
				GCC_DYNAMIC_NO_PIC = NO;
				GCC_NO_COMMON_BLOCKS = YES;
				GCC_OPTIMIZATION_LEVEL = 0;
				GCC_PREPROCESSOR_DEFINITIONS = (
					"DEBUG=1",
					"$(inherited)",
				);
				GCC_WARN_64_TO_32_BIT_CONVERSION = YES;
				GCC_WARN_ABOUT_RETURN_TYPE = YES_ERROR;
				GCC_WARN_UNDECLARED_SELECTOR = YES;
				GCC_WARN_UNINITIALIZED_AUTOS = YES_AGGRESSIVE;
				GCC_WARN_UNUSED_FUNCTION = YES;
				GCC_WARN_UNUSED_VARIABLE = YES;
				IPHONEOS_DEPLOYMENT_TARGET = 15.4;
				MTL_ENABLE_DEBUG_INFO = INCLUDE_SOURCE;
				MTL_FAST_MATH = YES;
				ONLY_ACTIVE_ARCH = YES;
				SDKROOT = iphoneos;
				SWIFT_ACTIVE_COMPILATION_CONDITIONS = DEBUG;
				SWIFT_OPTIMIZATION_LEVEL = "-Onone";
			};
			name = Debug;
		};
		1EEDCC0D287352BD003FBD61 /* Release */ = {
			isa = XCBuildConfiguration;
			buildSettings = {
				ALWAYS_SEARCH_USER_PATHS = NO;
				CLANG_ANALYZER_LOCALIZABILITY_NONLOCALIZED = YES;
				CLANG_ANALYZER_NONNULL = YES;
				CLANG_ANALYZER_NUMBER_OBJECT_CONVERSION = YES_AGGRESSIVE;
				CLANG_CXX_LANGUAGE_STANDARD = "gnu++17";
				CLANG_ENABLE_MODULES = YES;
				CLANG_ENABLE_OBJC_ARC = YES;
				CLANG_ENABLE_OBJC_WEAK = YES;
				CLANG_WARN_BLOCK_CAPTURE_AUTORELEASING = YES;
				CLANG_WARN_BOOL_CONVERSION = YES;
				CLANG_WARN_COMMA = YES;
				CLANG_WARN_CONSTANT_CONVERSION = YES;
				CLANG_WARN_DEPRECATED_OBJC_IMPLEMENTATIONS = YES;
				CLANG_WARN_DIRECT_OBJC_ISA_USAGE = YES_ERROR;
				CLANG_WARN_DOCUMENTATION_COMMENTS = YES;
				CLANG_WARN_EMPTY_BODY = YES;
				CLANG_WARN_ENUM_CONVERSION = YES;
				CLANG_WARN_INFINITE_RECURSION = YES;
				CLANG_WARN_INT_CONVERSION = YES;
				CLANG_WARN_NON_LITERAL_NULL_CONVERSION = YES;
				CLANG_WARN_OBJC_IMPLICIT_RETAIN_SELF = YES;
				CLANG_WARN_OBJC_LITERAL_CONVERSION = YES;
				CLANG_WARN_OBJC_ROOT_CLASS = YES_ERROR;
				CLANG_WARN_QUOTED_INCLUDE_IN_FRAMEWORK_HEADER = YES;
				CLANG_WARN_RANGE_LOOP_ANALYSIS = YES;
				CLANG_WARN_STRICT_PROTOTYPES = YES;
				CLANG_WARN_SUSPICIOUS_MOVE = YES;
				CLANG_WARN_UNGUARDED_AVAILABILITY = YES_AGGRESSIVE;
				CLANG_WARN_UNREACHABLE_CODE = YES;
				CLANG_WARN__DUPLICATE_METHOD_MATCH = YES;
				COPY_PHASE_STRIP = NO;
				DEBUG_INFORMATION_FORMAT = "dwarf-with-dsym";
				ENABLE_NS_ASSERTIONS = NO;
				ENABLE_STRICT_OBJC_MSGSEND = YES;
				GCC_C_LANGUAGE_STANDARD = gnu11;
				GCC_NO_COMMON_BLOCKS = YES;
				GCC_WARN_64_TO_32_BIT_CONVERSION = YES;
				GCC_WARN_ABOUT_RETURN_TYPE = YES_ERROR;
				GCC_WARN_UNDECLARED_SELECTOR = YES;
				GCC_WARN_UNINITIALIZED_AUTOS = YES_AGGRESSIVE;
				GCC_WARN_UNUSED_FUNCTION = YES;
				GCC_WARN_UNUSED_VARIABLE = YES;
				IPHONEOS_DEPLOYMENT_TARGET = 15.4;
				MTL_ENABLE_DEBUG_INFO = NO;
				MTL_FAST_MATH = YES;
				SDKROOT = iphoneos;
				SWIFT_COMPILATION_MODE = wholemodule;
				SWIFT_OPTIMIZATION_LEVEL = "-O";
				VALIDATE_PRODUCT = YES;
			};
			name = Release;
		};
		1EEDCC0F287352BD003FBD61 /* Debug */ = {
			isa = XCBuildConfiguration;
			buildSettings = {
				ASSETCATALOG_COMPILER_APPICON_NAME = AppIcon;
				ASSETCATALOG_COMPILER_GLOBAL_ACCENT_COLOR_NAME = AccentColor;
				CODE_SIGN_STYLE = Automatic;
				CURRENT_PROJECT_VERSION = 1;
				DEVELOPMENT_TEAM = G746TBT9SB;
				GENERATE_INFOPLIST_FILE = YES;
				INFOPLIST_FILE = MatchUp/Info.plist;
				INFOPLIST_KEY_UIApplicationSupportsIndirectInputEvents = YES;
				INFOPLIST_KEY_UILaunchStoryboardName = LaunchScreen;
				INFOPLIST_KEY_UISupportedInterfaceOrientations_iPad = "UIInterfaceOrientationPortrait UIInterfaceOrientationPortraitUpsideDown UIInterfaceOrientationLandscapeLeft UIInterfaceOrientationLandscapeRight";
				INFOPLIST_KEY_UISupportedInterfaceOrientations_iPhone = "UIInterfaceOrientationPortrait UIInterfaceOrientationLandscapeLeft UIInterfaceOrientationLandscapeRight";
				LD_RUNPATH_SEARCH_PATHS = (
					"$(inherited)",
					"@executable_path/Frameworks",
				);
				MARKETING_VERSION = 1.0;
				PRODUCT_BUNDLE_IDENTIFIER = com.canyoldas.MatchUp;
				PRODUCT_NAME = "$(TARGET_NAME)";
				SWIFT_EMIT_LOC_STRINGS = YES;
				SWIFT_VERSION = 5.0;
				TARGETED_DEVICE_FAMILY = "1,2";
			};
			name = Debug;
		};
		1EEDCC10287352BD003FBD61 /* Release */ = {
			isa = XCBuildConfiguration;
			buildSettings = {
				ASSETCATALOG_COMPILER_APPICON_NAME = AppIcon;
				ASSETCATALOG_COMPILER_GLOBAL_ACCENT_COLOR_NAME = AccentColor;
				CODE_SIGN_STYLE = Automatic;
				CURRENT_PROJECT_VERSION = 1;
				DEVELOPMENT_TEAM = G746TBT9SB;
				GENERATE_INFOPLIST_FILE = YES;
				INFOPLIST_FILE = MatchUp/Info.plist;
				INFOPLIST_KEY_UIApplicationSupportsIndirectInputEvents = YES;
				INFOPLIST_KEY_UILaunchStoryboardName = LaunchScreen;
				INFOPLIST_KEY_UISupportedInterfaceOrientations_iPad = "UIInterfaceOrientationPortrait UIInterfaceOrientationPortraitUpsideDown UIInterfaceOrientationLandscapeLeft UIInterfaceOrientationLandscapeRight";
				INFOPLIST_KEY_UISupportedInterfaceOrientations_iPhone = "UIInterfaceOrientationPortrait UIInterfaceOrientationLandscapeLeft UIInterfaceOrientationLandscapeRight";
				LD_RUNPATH_SEARCH_PATHS = (
					"$(inherited)",
					"@executable_path/Frameworks",
				);
				MARKETING_VERSION = 1.0;
				PRODUCT_BUNDLE_IDENTIFIER = com.canyoldas.MatchUp;
				PRODUCT_NAME = "$(TARGET_NAME)";
				SWIFT_EMIT_LOC_STRINGS = YES;
				SWIFT_VERSION = 5.0;
				TARGETED_DEVICE_FAMILY = "1,2";
			};
			name = Release;
		};
/* End XCBuildConfiguration section */

/* Begin XCConfigurationList section */
		1EEDCBF5287352BC003FBD61 /* Build configuration list for PBXProject "MatchUp" */ = {
			isa = XCConfigurationList;
			buildConfigurations = (
				1EEDCC0C287352BD003FBD61 /* Debug */,
				1EEDCC0D287352BD003FBD61 /* Release */,
			);
			defaultConfigurationIsVisible = 0;
			defaultConfigurationName = Release;
		};
		1EEDCC0E287352BD003FBD61 /* Build configuration list for PBXNativeTarget "MatchUp" */ = {
			isa = XCConfigurationList;
			buildConfigurations = (
				1EEDCC0F287352BD003FBD61 /* Debug */,
				1EEDCC10287352BD003FBD61 /* Release */,
			);
			defaultConfigurationIsVisible = 0;
			defaultConfigurationName = Release;
		};
/* End XCConfigurationList section */

/* Begin XCRemoteSwiftPackageReference section */
		1EEDCC1A287359C4003FBD61 /* XCRemoteSwiftPackageReference "CYBase" */ = {
			isa = XCRemoteSwiftPackageReference;
			repositoryURL = "https://github.com/canyoldas0/CYBase";
			requirement = {
				branch = main;
				kind = branch;
			};
		};
		1EEDCC2328736ACB003FBD61 /* XCRemoteSwiftPackageReference "SnapKit" */ = {
			isa = XCRemoteSwiftPackageReference;
			repositoryURL = "https://github.com/SnapKit/SnapKit";
			requirement = {
				kind = upToNextMajorVersion;
				minimumVersion = 5.0.0;
			};
		};
/* End XCRemoteSwiftPackageReference section */

/* Begin XCSwiftPackageProductDependency section */
		1EEDCC1B287359C4003FBD61 /* CYBase */ = {
			isa = XCSwiftPackageProductDependency;
			package = 1EEDCC1A287359C4003FBD61 /* XCRemoteSwiftPackageReference "CYBase" */;
			productName = CYBase;
		};
		1EEDCC2428736ACB003FBD61 /* SnapKit */ = {
			isa = XCSwiftPackageProductDependency;
			package = 1EEDCC2328736ACB003FBD61 /* XCRemoteSwiftPackageReference "SnapKit" */;
			productName = SnapKit;
		};
/* End XCSwiftPackageProductDependency section */
	};
	rootObject = 1EEDCBF2287352BC003FBD61 /* Project object */;
}
